
Microsoft Visual Studio Solution File, Format Version 12.00
# Visual Studio Version 17
VisualStudioVersion = 17.4.33103.184
MinimumVisualStudioVersion = 10.0.40219.1
Project("{FAE04EC0-301F-11D3-BF4B-00C04F79EFBC}") = "Download_gif", "Download_gif\Download_gif.csproj", "{FCE80BA4-60D7-4CCD-BED9-9B0D25DBAAAD}"
EndProject
Global
	GlobalSection(SolutionConfigurationPlatforms) = preSolution
		Debug|Any CPU = Debug|Any CPU
		Release|Any CPU = Release|Any CPU
	EndGlobalSection
	GlobalSection(ProjectConfigurationPlatforms) = postSolution
		{FCE80BA4-60D7-4CCD-BED9-9B0D25DBAAAD}.Debug|Any CPU.ActiveCfg = Debug|Any CPU
		{FCE80BA4-60D7-4CCD-BED9-9B0D25DBAAAD}.Debug|Any CPU.Build.0 = Debug|Any CPU
		{FCE80BA4-60D7-4CCD-BED9-9B0D25DBAAAD}.Release|Any CPU.ActiveCfg = Release|Any CPU
		{FCE80BA4-60D7-4CCD-BED9-9B0D25DBAAAD}.Release|Any CPU.Build.0 = Release|Any CPU
	EndGlobalSection
	GlobalSection(SolutionProperties) = preSolution
		HideSolutionNode = FALSE
	EndGlobalSection
	GlobalSection(ExtensibilityGlobals) = postSolution
		SolutionGuid = {50F1DF91-BB21-45F2-9014-AD78A2C2784F}
	EndGlobalSection
EndGlobal
